
Microsoft Visual Studio Solution File, Format Version 12.00
# Visual Studio 15
VisualStudioVersion = 15.0.26730.12
MinimumVisualStudioVersion = 10.0.40219.1
Project("{FAE04EC0-301F-11D3-BF4B-00C04F79EFBC}") = "hello-world", "hello-world\hello-world.csproj", "{20824BFB-B2F7-4872-84A7-340AEAAAF775}"
EndProject
Global
	GlobalSection(SolutionConfigurationPlatforms) = preSolution
		Debug|Any CPU = Debug|Any CPU
		Release|Any CPU = Release|Any CPU
	EndGlobalSection
	GlobalSection(ProjectConfigurationPlatforms) = postSolution
		{20824BFB-B2F7-4872-84A7-340AEAAAF775}.Debug|Any CPU.ActiveCfg = Debug|Any CPU
		{20824BFB-B2F7-4872-84A7-340AEAAAF775}.Debug|Any CPU.Build.0 = Debug|Any CPU
		{20824BFB-B2F7-4872-84A7-340AEAAAF775}.Release|Any CPU.ActiveCfg = Release|Any CPU
		{20824BFB-B2F7-4872-84A7-340AEAAAF775}.Release|Any CPU.Build.0 = Release|Any CPU
	EndGlobalSection
	GlobalSection(SolutionProperties) = preSolution
		HideSolutionNode = FALSE
	EndGlobalSection
	GlobalSection(ExtensibilityGlobals) = postSolution
		SolutionGuid = {54A66311-3D41-4A17-8053-9AA53BA130A3}
	EndGlobalSection
EndGlobal
